
Microsoft Visual Studio Solution File, Format Version 12.00
# Visual Studio Version 17
VisualStudioVersion = 17.13.35828.75 d17.13
MinimumVisualStudioVersion = 10.0.40219.1
Project("{F184B08F-C81C-45F6-A57F-5ABD9991F28F}") = "Lec_Findmax", "Lec_Findmax\Lec_Findmax.vbproj", "{D1B1862B-BD6C-47F8-9024-2EC138D7F5F5}"
EndProject
Global
	GlobalSection(SolutionConfigurationPlatforms) = preSolution
		Debug|Any CPU = Debug|Any CPU
		Release|Any CPU = Release|Any CPU
	EndGlobalSection
	GlobalSection(ProjectConfigurationPlatforms) = postSolution
		{D1B1862B-BD6C-47F8-9024-2EC138D7F5F5}.Debug|Any CPU.ActiveCfg = Debug|Any CPU
		{D1B1862B-BD6C-47F8-9024-2EC138D7F5F5}.Debug|Any CPU.Build.0 = Debug|Any CPU
		{D1B1862B-BD6C-47F8-9024-2EC138D7F5F5}.Release|Any CPU.ActiveCfg = Release|Any CPU
		{D1B1862B-BD6C-47F8-9024-2EC138D7F5F5}.Release|Any CPU.Build.0 = Release|Any CPU
	EndGlobalSection
	GlobalSection(SolutionProperties) = preSolution
		HideSolutionNode = FALSE
	EndGlobalSection
	GlobalSection(ExtensibilityGlobals) = postSolution
		SolutionGuid = {DADBEE52-61DC-44A3-AD9E-C5AF0FC56DFC}
	EndGlobalSection
EndGlobal
